
Microsoft Visual Studio Solution File, Format Version 12.00
# Visual Studio Version 17
VisualStudioVersion = 17.9.34622.214
MinimumVisualStudioVersion = 10.0.40219.1
Project("{FAE04EC0-301F-11D3-BF4B-00C04F79EFBC}") = "Zadatak1", "Zadatak1\Zadatak1.csproj", "{AF650ED3-12F9-4B6A-BEB0-19D782AE7090}"
EndProject
Global
	GlobalSection(SolutionConfigurationPlatforms) = preSolution
		Debug|Any CPU = Debug|Any CPU
		Release|Any CPU = Release|Any CPU
	EndGlobalSection
	GlobalSection(ProjectConfigurationPlatforms) = postSolution
		{AF650ED3-12F9-4B6A-BEB0-19D782AE7090}.Debug|Any CPU.ActiveCfg = Debug|Any CPU
		{AF650ED3-12F9-4B6A-BEB0-19D782AE7090}.Debug|Any CPU.Build.0 = Debug|Any CPU
		{AF650ED3-12F9-4B6A-BEB0-19D782AE7090}.Release|Any CPU.ActiveCfg = Release|Any CPU
		{AF650ED3-12F9-4B6A-BEB0-19D782AE7090}.Release|Any CPU.Build.0 = Release|Any CPU
	EndGlobalSection
	GlobalSection(SolutionProperties) = preSolution
		HideSolutionNode = FALSE
	EndGlobalSection
	GlobalSection(ExtensibilityGlobals) = postSolution
		SolutionGuid = {41479A45-26F0-4D17-BF88-2B1BC1AF0914}
	EndGlobalSection
EndGlobal
